Microsoft Visual Studio Solution File, Format Version 12.00
# Visual Studio Version 17
VisualStudioVersion = 17.5.2.0
MinimumVisualStudioVersion = 10.0.40219.1
Project("{FAE04EC0-301F-11D3-BF4B-00C04F79EFBC}") = "SinhalaEssayGrading", "SinhalaEssayGrading\SinhalaEssayGrading.csproj", "{39720E1B-AB4E-4E53-4B05-A3CF56D099F7}"
EndProject
Global
	GlobalSection(SolutionConfigurationPlatforms) = preSolution
		Debug|Any CPU = Debug|Any CPU
		Release|Any CPU = Release|Any CPU
	EndGlobalSection
	GlobalSection(ProjectConfigurationPlatforms) = postSolution
		{39720E1B-AB4E-4E53-4B05-A3CF56D099F7}.Debug|Any CPU.ActiveCfg = Debug|Any CPU
		{39720E1B-AB4E-4E53-4B05-A3CF56D099F7}.Debug|Any CPU.Build.0 = Debug|Any CPU
		{39720E1B-AB4E-4E53-4B05-A3CF56D099F7}.Release|Any CPU.ActiveCfg = Release|Any CPU
		{39720E1B-AB4E-4E53-4B05-A3CF56D099F7}.Release|Any CPU.Build.0 = Release|Any CPU
	EndGlobalSection
	GlobalSection(SolutionProperties) = preSolution
		HideSolutionNode = FALSE
	EndGlobalSection
	GlobalSection(ExtensibilityGlobals) = postSolution
		SolutionGuid = {6CFC6DAF-5FE8-411B-B611-A611DAFCF9B1}
	EndGlobalSection
EndGlobal
